
Microsoft Visual Studio Solution File, Format Version 12.00
# Visual Studio Version 16
VisualStudioVersion = 16.0.31702.278
MinimumVisualStudioVersion = 10.0.40219.1
Project("{9A19103F-16F7-4668-BE54-9A1E7A4F7556}") = "ECommerce.Api", "ECommerceApi\ECommerce.Api.csproj", "{059FD60B-5A3F-4E19-8171-70531A23D0D2}"
EndProject
Project("{9A19103F-16F7-4668-BE54-9A1E7A4F7556}") = "ECommerce.Domain", "ECommerceDomain\ECommerce.Domain.csproj", "{31D64468-7DC4-455F-B74E-1ACF1C5246B2}"
EndProject
Project("{9A19103F-16F7-4668-BE54-9A1E7A4F7556}") = "ECommerce.Infrastructure", "ECommerce.Infrastructure\ECommerce.Infrastructure.csproj", "{3C385E74-24F1-4486-9AD5-BFB7B99E5E65}"
EndProject
Project("{9A19103F-16F7-4668-BE54-9A1E7A4F7556}") = "ECommerce.Application", "ECommerce.Application\ECommerce.Application.csproj", "{4F2D4BFE-C254-429E-A92F-C4C2ABDBC467}"
EndProject
Global
	GlobalSection(SolutionConfigurationPlatforms) = preSolution
		Debug|Any CPU = Debug|Any CPU
		Release|Any CPU = Release|Any CPU
	EndGlobalSection
	GlobalSection(ProjectConfigurationPlatforms) = postSolution
		{059FD60B-5A3F-4E19-8171-70531A23D0D2}.Debug|Any CPU.ActiveCfg = Debug|Any CPU
		{059FD60B-5A3F-4E19-8171-70531A23D0D2}.Debug|Any CPU.Build.0 = Debug|Any CPU
		{059FD60B-5A3F-4E19-8171-70531A23D0D2}.Release|Any CPU.ActiveCfg = Release|Any CPU
		{059FD60B-5A3F-4E19-8171-70531A23D0D2}.Release|Any CPU.Build.0 = Release|Any CPU
		{31D64468-7DC4-455F-B74E-1ACF1C5246B2}.Debug|Any CPU.ActiveCfg = Debug|Any CPU
		{31D64468-7DC4-455F-B74E-1ACF1C5246B2}.Debug|Any CPU.Build.0 = Debug|Any CPU
		{31D64468-7DC4-455F-B74E-1ACF1C5246B2}.Release|Any CPU.ActiveCfg = Release|Any CPU
		{31D64468-7DC4-455F-B74E-1ACF1C5246B2}.Release|Any CPU.Build.0 = Release|Any CPU
		{3C385E74-24F1-4486-9AD5-BFB7B99E5E65}.Debug|Any CPU.ActiveCfg = Debug|Any CPU
		{3C385E74-24F1-4486-9AD5-BFB7B99E5E65}.Debug|Any CPU.Build.0 = Debug|Any CPU
		{3C385E74-24F1-4486-9AD5-BFB7B99E5E65}.Release|Any CPU.ActiveCfg = Release|Any CPU
		{3C385E74-24F1-4486-9AD5-BFB7B99E5E65}.Release|Any CPU.Build.0 = Release|Any CPU
		{4F2D4BFE-C254-429E-A92F-C4C2ABDBC467}.Debug|Any CPU.ActiveCfg = Debug|Any CPU
		{4F2D4BFE-C254-429E-A92F-C4C2ABDBC467}.Debug|Any CPU.Build.0 = Debug|Any CPU
		{4F2D4BFE-C254-429E-A92F-C4C2ABDBC467}.Release|Any CPU.ActiveCfg = Release|Any CPU
		{4F2D4BFE-C254-429E-A92F-C4C2ABDBC467}.Release|Any CPU.Build.0 = Release|Any CPU
	EndGlobalSection
	GlobalSection(SolutionProperties) = preSolution
		HideSolutionNode = FALSE
	EndGlobalSection
	GlobalSection(ExtensibilityGlobals) = postSolution
		SolutionGuid = {EA3AFB33-6C12-46CC-8E52-B65AF5350E61}
	EndGlobalSection
EndGlobal
